
Microsoft Visual Studio Solution File, Format Version 12.00
# Visual Studio Version 17
VisualStudioVersion = 17.2.32630.192
MinimumVisualStudioVersion = 10.0.40219.1
Project("{FAE04EC0-301F-11D3-BF4B-00C04F79EFBC}") = "Trabalho_Pesquisa", "Trabalho_Pesquisa.csproj", "{2D00987A-5817-4F95-BD7A-235FE9A46FE8}"
EndProject
Global
	GlobalSection(SolutionConfigurationPlatforms) = preSolution
		Debug|Any CPU = Debug|Any CPU
		Release|Any CPU = Release|Any CPU
	EndGlobalSection
	GlobalSection(ProjectConfigurationPlatforms) = postSolution
		{2D00987A-5817-4F95-BD7A-235FE9A46FE8}.Debug|Any CPU.ActiveCfg = Debug|Any CPU
		{2D00987A-5817-4F95-BD7A-235FE9A46FE8}.Debug|Any CPU.Build.0 = Debug|Any CPU
		{2D00987A-5817-4F95-BD7A-235FE9A46FE8}.Release|Any CPU.ActiveCfg = Release|Any CPU
		{2D00987A-5817-4F95-BD7A-235FE9A46FE8}.Release|Any CPU.Build.0 = Release|Any CPU
	EndGlobalSection
	GlobalSection(SolutionProperties) = preSolution
		HideSolutionNode = FALSE
	EndGlobalSection
	GlobalSection(ExtensibilityGlobals) = postSolution
		SolutionGuid = {3A5BA7EC-BF5B-4822-BAFF-6ED618DABC4A}
	EndGlobalSection
EndGlobal
